// !$*UTF8*$!
{
	archiveVersion = 1;
	classes = {
	};
	objectVersion = 50;
	objects = {

/* Begin PBXBuildFile section */
		97259830246FB78E003A3CC4 /* LoginText.swift in Sources */ = {isa = PBXBuildFile; fileRef = 9725982F246FB78E003A3CC4 /* LoginText.swift */; };
		97259832246FBAB9003A3CC4 /* TabBarController.swift in Sources */ = {isa = PBXBuildFile; fileRef = 97259831246FBAB9003A3CC4 /* TabBarController.swift */; };
		97259834246FBB0B003A3CC4 /* HomeViewController.swift in Sources */ = {isa = PBXBuildFile; fileRef = 97259833246FBB0B003A3CC4 /* HomeViewController.swift */; };
		97259836246FBB6A003A3CC4 /* NewBoxes.swift in Sources */ = {isa = PBXBuildFile; fileRef = 97259835246FBB6A003A3CC4 /* NewBoxes.swift */; };
		97259838246FBBAD003A3CC4 /* HistoryBoxes.swift in Sources */ = {isa = PBXBuildFile; fileRef = 97259837246FBBAD003A3CC4 /* HistoryBoxes.swift */; };
		9725983E246FC11B003A3CC4 /* Section.swift in Sources */ = {isa = PBXBuildFile; fileRef = 9725983D246FC11B003A3CC4 /* Section.swift */; };
		97259842246FC14C003A3CC4 /* TitleSection.swift in Sources */ = {isa = PBXBuildFile; fileRef = 97259841246FC14C003A3CC4 /* TitleSection.swift */; };
		97259844246FC1AE003A3CC4 /* FavoriteCell.swift in Sources */ = {isa = PBXBuildFile; fileRef = 97259843246FC1AE003A3CC4 /* FavoriteCell.swift */; };
		97259846246FC223003A3CC4 /* FeaturedBoxes.swift in Sources */ = {isa = PBXBuildFile; fileRef = 97259845246FC223003A3CC4 /* FeaturedBoxes.swift */; };
		97259848246FC382003A3CC4 /* BoxModel.swift in Sources */ = {isa = PBXBuildFile; fileRef = 97259847246FC382003A3CC4 /* BoxModel.swift */; };
		9725984E246FC958003A3CC4 /* InsideView.swift in Sources */ = {isa = PBXBuildFile; fileRef = 9725984D246FC958003A3CC4 /* InsideView.swift */; };
		97259850246FC98D003A3CC4 /* HistoryCell.swift in Sources */ = {isa = PBXBuildFile; fileRef = 9725984F246FC98D003A3CC4 /* HistoryCell.swift */; };
		97259852246FC9F4003A3CC4 /* LayoutView.swift in Sources */ = {isa = PBXBuildFile; fileRef = 97259851246FC9F4003A3CC4 /* LayoutView.swift */; };
		97259854246FCA76003A3CC4 /* ContentVC.swift in Sources */ = {isa = PBXBuildFile; fileRef = 97259853246FCA76003A3CC4 /* ContentVC.swift */; };
		97259856246FCAAB003A3CC4 /* CircleImage.swift in Sources */ = {isa = PBXBuildFile; fileRef = 97259855246FCAAB003A3CC4 /* CircleImage.swift */; };
		97259858246FCAE5003A3CC4 /* MapView.swift in Sources */ = {isa = PBXBuildFile; fileRef = 97259857246FCAE5003A3CC4 /* MapView.swift */; };
		972599C5246FFECB003A3CC4 /* FavoriteCell.swift in Sources */ = {isa = PBXBuildFile; fileRef = 972599C3246FFECB003A3CC4 /* FavoriteCell.swift */; };
		972599C6246FFECB003A3CC4 /* FavoriteCell.xib in Resources */ = {isa = PBXBuildFile; fileRef = 972599C4246FFECB003A3CC4 /* FavoriteCell.xib */; };
		972599C8246FFEFA003A3CC4 /* FeaturedCell.xib in Resources */ = {isa = PBXBuildFile; fileRef = 972599C7246FFEFA003A3CC4 /* FeaturedCell.xib */; };
		972599CB246FFF25003A3CC4 /* TitleCell.xib in Resources */ = {isa = PBXBuildFile; fileRef = 972599C9246FFF25003A3CC4 /* TitleCell.xib */; };
		972599D0246FFF49003A3CC4 /* NewBoxesCell.xib in Resources */ = {isa = PBXBuildFile; fileRef = 972599CE246FFF49003A3CC4 /* NewBoxesCell.xib */; };
		972599D2246FFF8C003A3CC4 /* FeaturedCell.swift in Sources */ = {isa = PBXBuildFile; fileRef = 972599D1246FFF8C003A3CC4 /* FeaturedCell.swift */; };
		973603E0243EEE0F00E2C9E5 /* AppDelegate.swift in Sources */ = {isa = PBXBuildFile; fileRef = 973603DF243EEE0F00E2C9E5 /* AppDelegate.swift */; };
		973603E2243EEE0F00E2C9E5 /* SceneDelegate.swift in Sources */ = {isa = PBXBuildFile; fileRef = 973603E1243EEE0F00E2C9E5 /* SceneDelegate.swift */; };
		973603E4243EEE0F00E2C9E5 /* ViewController.swift in Sources */ = {isa = PBXBuildFile; fileRef = 973603E3243EEE0F00E2C9E5 /* ViewController.swift */; };
		973603E7243EEE0F00E2C9E5 /* Main.storyboard in Resources */ = {isa = PBXBuildFile; fileRef = 973603E5243EEE0F00E2C9E5 /* Main.storyboard */; };
		973603EA243EEE0F00E2C9E5 /* Onboarding.xcdatamodeld in Sources */ = {isa = PBXBuildFile; fileRef = 973603E8243EEE0F00E2C9E5 /* Onboarding.xcdatamodeld */; };
		973603EC243EEE1100E2C9E5 /* Assets.xcassets in Resources */ = {isa = PBXBuildFile; fileRef = 973603EB243EEE1100E2C9E5 /* Assets.xcassets */; };
		973603F7243EEE9500E2C9E5 /* OnboardingPage.swift in Sources */ = {isa = PBXBuildFile; fileRef = 973603F6243EEE9500E2C9E5 /* OnboardingPage.swift */; };
		973603F9243EF04200E2C9E5 /* Img1.png in Resources */ = {isa = PBXBuildFile; fileRef = 973603F8243EF04200E2C9E5 /* Img1.png */; };
		973603FB243EF0DD00E2C9E5 /* img2.png in Resources */ = {isa = PBXBuildFile; fileRef = 973603FA243EF0DD00E2C9E5 /* img2.png */; };
		973C9C142452182000199319 /* LoginVC.swift in Sources */ = {isa = PBXBuildFile; fileRef = 973C9C132452182000199319 /* LoginVC.swift */; };
		973C9C2224521ADC00199319 /* TitleCell.swift in Sources */ = {isa = PBXBuildFile; fileRef = 973C9C1A24521ADC00199319 /* TitleCell.swift */; };
		973C9C2924521ADC00199319 /* NewBoxesCell.swift in Sources */ = {isa = PBXBuildFile; fileRef = 973C9C2124521ADC00199319 /* NewBoxesCell.swift */; };
/* End PBXBuildFile section */

/* Begin PBXFileReference section */
		9725982F246FB78E003A3CC4 /* LoginText.swift */ = {isa = PBXFileReference; lastKnownFileType = sourcecode.swift; path = LoginText.swift; sourceTree = "<group>"; };
		97259831246FBAB9003A3CC4 /* TabBarController.swift */ = {isa = PBXFileReference; lastKnownFileType = sourcecode.swift; path = TabBarController.swift; sourceTree = "<group>"; };
		97259833246FBB0B003A3CC4 /* HomeViewController.swift */ = {isa = PBXFileReference; lastKnownFileType = sourcecode.swift; path = HomeViewController.swift; sourceTree = "<group>"; };
		97259835246FBB6A003A3CC4 /* NewBoxes.swift */ = {isa = PBXFileReference; lastKnownFileType = sourcecode.swift; path = NewBoxes.swift; sourceTree = "<group>"; };
		97259837246FBBAD003A3CC4 /* HistoryBoxes.swift */ = {isa = PBXFileReference; lastKnownFileType = sourcecode.swift; path = HistoryBoxes.swift; sourceTree = "<group>"; };
		9725983D246FC11B003A3CC4 /* Section.swift */ = {isa = PBXFileReference; lastKnownFileType = sourcecode.swift; path = Section.swift; sourceTree = "<group>"; };
		97259841246FC14C003A3CC4 /* TitleSection.swift */ = {isa = PBXFileReference; lastKnownFileType = sourcecode.swift; path = TitleSection.swift; sourceTree = "<group>"; };
		97259843246FC1AE003A3CC4 /* FavoriteCell.swift */ = {isa = PBXFileReference; lastKnownFileType = sourcecode.swift; path = FavoriteCell.swift; sourceTree = "<group>"; };
		97259845246FC223003A3CC4 /* FeaturedBoxes.swift */ = {isa = PBXFileReference; lastKnownFileType = sourcecode.swift; path = FeaturedBoxes.swift; sourceTree = "<group>"; };
		97259847246FC382003A3CC4 /* BoxModel.swift */ = {isa = PBXFileReference; lastKnownFileType = sourcecode.swift; path = BoxModel.swift; sourceTree = "<group>"; };
		9725984D246FC958003A3CC4 /* InsideView.swift */ = {isa = PBXFileReference; lastKnownFileType = sourcecode.swift; path = InsideView.swift; sourceTree = "<group>"; };
		9725984F246FC98D003A3CC4 /* HistoryCell.swift */ = {isa = PBXFileReference; lastKnownFileType = sourcecode.swift; path = HistoryCell.swift; sourceTree = "<group>"; };
		97259851246FC9F4003A3CC4 /* LayoutView.swift */ = {isa = PBXFileReference; lastKnownFileType = sourcecode.swift; path = LayoutView.swift; sourceTree = "<group>"; };
		97259853246FCA76003A3CC4 /* ContentVC.swift */ = {isa = PBXFileReference; lastKnownFileType = sourcecode.swift; path = ContentVC.swift; sourceTree = "<group>"; };
		97259855246FCAAB003A3CC4 /* CircleImage.swift */ = {isa = PBXFileReference; lastKnownFileType = sourcecode.swift; path = CircleImage.swift; sourceTree = "<group>"; };
		97259857246FCAE5003A3CC4 /* MapView.swift */ = {isa = PBXFileReference; lastKnownFileType = sourcecode.swift; path = MapView.swift; sourceTree = "<group>"; };
		972599C3246FFECB003A3CC4 /* FavoriteCell.swift */ = {isa = PBXFileReference; fileEncoding = 4; lastKnownFileType = sourcecode.swift; path = FavoriteCell.swift; sourceTree = "<group>"; };
		972599C4246FFECB003A3CC4 /* FavoriteCell.xib */ = {isa = PBXFileReference; fileEncoding = 4; lastKnownFileType = file.xib; path = FavoriteCell.xib; sourceTree = "<group>"; };
		972599C7246FFEFA003A3CC4 /* FeaturedCell.xib */ = {isa = PBXFileReference; fileEncoding = 4; lastKnownFileType = file.xib; name = FeaturedCell.xib; path = ../../../../../Desktop/FeaturedCell.xib; sourceTree = "<group>"; };
		972599C9246FFF25003A3CC4 /* TitleCell.xib */ = {isa = PBXFileReference; fileEncoding = 4; lastKnownFileType = file.xib; path = TitleCell.xib; sourceTree = "<group>"; };
		972599CE246FFF49003A3CC4 /* NewBoxesCell.xib */ = {isa = PBXFileReference; fileEncoding = 4; lastKnownFileType = file.xib; path = NewBoxesCell.xib; sourceTree = "<group>"; };
		972599D1246FFF8C003A3CC4 /* FeaturedCell.swift */ = {isa = PBXFileReference; fileEncoding = 4; lastKnownFileType = sourcecode.swift; path = FeaturedCell.swift; sourceTree = "<group>"; };
		973603DC243EEE0F00E2C9E5 /* Onboarding.app */ = {isa = PBXFileReference; explicitFileType = wrapper.application; includeInIndex = 0; path = Onboarding.app; sourceTree = BUILT_PRODUCTS_DIR; };
		973603DF243EEE0F00E2C9E5 /* AppDelegate.swift */ = {isa = PBXFileReference; lastKnownFileType = sourcecode.swift; path = AppDelegate.swift; sourceTree = "<group>"; };
		973603E1243EEE0F00E2C9E5 /* SceneDelegate.swift */ = {isa = PBXFileReference; lastKnownFileType = sourcecode.swift; path = SceneDelegate.swift; sourceTree = "<group>"; };
		973603E3243EEE0F00E2C9E5 /* ViewController.swift */ = {isa = PBXFileReference; lastKnownFileType = sourcecode.swift; path = ViewController.swift; sourceTree = "<group>"; };
		973603E6243EEE0F00E2C9E5 /* Base */ = {isa = PBXFileReference; lastKnownFileType = file.storyboard; name = Base; path = Base.lproj/Main.storyboard; sourceTree = "<group>"; };
		973603E9243EEE0F00E2C9E5 /* Onboarding.xcdatamodel */ = {isa = PBXFileReference; lastKnownFileType = wrapper.xcdatamodel; path = Onboarding.xcdatamodel; sourceTree = "<group>"; };
		973603EB243EEE1100E2C9E5 /* Assets.xcassets */ = {isa = PBXFileReference; lastKnownFileType = folder.assetcatalog; path = Assets.xcassets; sourceTree = "<group>"; };
		973603F0243EEE1100E2C9E5 /* Info.plist */ = {isa = PBXFileReference; lastKnownFileType = text.plist.xml; path = Info.plist; sourceTree = "<group>"; };
		973603F6243EEE9500E2C9E5 /* OnboardingPage.swift */ = {isa = PBXFileReference; lastKnownFileType = sourcecode.swift; path = OnboardingPage.swift; sourceTree = "<group>"; };
		973603F8243EF04200E2C9E5 /* Img1.png */ = {isa = PBXFileReference; lastKnownFileType = image.png; name = Img1.png; path = ../../../../Downloads/Img1.png; sourceTree = "<group>"; };
		973603FA243EF0DD00E2C9E5 /* img2.png */ = {isa = PBXFileReference; lastKnownFileType = image.png; name = img2.png; path = ../../../../Downloads/img2.png; sourceTree = "<group>"; };
		973C9C132452182000199319 /* LoginVC.swift */ = {isa = PBXFileReference; lastKnownFileType = sourcecode.swift; path = LoginVC.swift; sourceTree = "<group>"; };
		973C9C1A24521ADC00199319 /* TitleCell.swift */ = {isa = PBXFileReference; fileEncoding = 4; lastKnownFileType = sourcecode.swift; path = TitleCell.swift; sourceTree = "<group>"; };
		973C9C2124521ADC00199319 /* NewBoxesCell.swift */ = {isa = PBXFileReference; fileEncoding = 4; lastKnownFileType = sourcecode.swift; path = NewBoxesCell.swift; sourceTree = "<group>"; };
/* End PBXFileReference section */

/* Begin PBXFrameworksBuildPhase section */
		973603D9243EEE0F00E2C9E5 /* Frameworks */ = {
			isa = PBXFrameworksBuildPhase;
			buildActionMask = 2147483647;
			files = (
			);
			runOnlyForDeploymentPostprocessing = 0;
		};
/* End PBXFrameworksBuildPhase section */

/* Begin PBXGroup section */
		972599D6247002E7003A3CC4 /* View */ = {
			isa = PBXGroup;
			children = (
				97259851246FC9F4003A3CC4 /* LayoutView.swift */,
				97259855246FCAAB003A3CC4 /* CircleImage.swift */,
				97259853246FCA76003A3CC4 /* ContentVC.swift */,
			);
			path = View;
			sourceTree = "<group>";
		};
		973603D3243EEE0F00E2C9E5 = {
			isa = PBXGroup;
			children = (
				973603DE243EEE0F00E2C9E5 /* Onboarding */,
				973603DD243EEE0F00E2C9E5 /* Products */,
			);
			sourceTree = "<group>";
		};
		973603DD243EEE0F00E2C9E5 /* Products */ = {
			isa = PBXGroup;
			children = (
				973603DC243EEE0F00E2C9E5 /* Onboarding.app */,
			);
			name = Products;
			sourceTree = "<group>";
		};
		973603DE243EEE0F00E2C9E5 /* Onboarding */ = {
			isa = PBXGroup;
			children = (
				973603DF243EEE0F00E2C9E5 /* AppDelegate.swift */,
				973603E1243EEE0F00E2C9E5 /* SceneDelegate.swift */,
				97D251FF2446286F0033D241 /* Model */,
				97D251FD244628620033D241 /* Controller */,
				972599D6247002E7003A3CC4 /* View */,
				973C9C1924521ADC00199319 /* Cells */,
				973603EB243EEE1100E2C9E5 /* Assets.xcassets */,
				973603FA243EF0DD00E2C9E5 /* img2.png */,
				973603F8243EF04200E2C9E5 /* Img1.png */,
				973603E5243EEE0F00E2C9E5 /* Main.storyboard */,
				973603F0243EEE1100E2C9E5 /* Info.plist */,
				973603E8243EEE0F00E2C9E5 /* Onboarding.xcdatamodeld */,
			);
			path = Onboarding;
			sourceTree = "<group>";
		};
		973C9C1924521ADC00199319 /* Cells */ = {
			isa = PBXGroup;
			children = (
				973C9C2124521ADC00199319 /* NewBoxesCell.swift */,
				972599CE246FFF49003A3CC4 /* NewBoxesCell.xib */,
				973C9C1A24521ADC00199319 /* TitleCell.swift */,
				972599C9246FFF25003A3CC4 /* TitleCell.xib */,
				972599C3246FFECB003A3CC4 /* FavoriteCell.swift */,
				972599C4246FFECB003A3CC4 /* FavoriteCell.xib */,
				972599D1246FFF8C003A3CC4 /* FeaturedCell.swift */,
				972599C7246FFEFA003A3CC4 /* FeaturedCell.xib */,
			);
			name = Cells;
			path = "../../../../Downloads/CompositionalLayout-master 2/CompositionalCollection/Views/Cells";
			sourceTree = "<group>";
		};
		97D251FD244628620033D241 /* Controller */ = {
			isa = PBXGroup;
			children = (
				973603E3243EEE0F00E2C9E5 /* ViewController.swift */,
				973C9C132452182000199319 /* LoginVC.swift */,
				97259831246FBAB9003A3CC4 /* TabBarController.swift */,
				97259843246FC1AE003A3CC4 /* FavoriteCell.swift */,
				9725983D246FC11B003A3CC4 /* Section.swift */,
				97259833246FBB0B003A3CC4 /* HomeViewController.swift */,
				97259837246FBBAD003A3CC4 /* HistoryBoxes.swift */,
				9725984D246FC958003A3CC4 /* InsideView.swift */,
				9725984F246FC98D003A3CC4 /* HistoryCell.swift */,
				97259835246FBB6A003A3CC4 /* NewBoxes.swift */,
			);
			path = Controller;
			sourceTree = "<group>";
		};
		97D251FF2446286F0033D241 /* Model */ = {
			isa = PBXGroup;
			children = (
				97259841246FC14C003A3CC4 /* TitleSection.swift */,
				97259847246FC382003A3CC4 /* BoxModel.swift */,
				9725982F246FB78E003A3CC4 /* LoginText.swift */,
				97259845246FC223003A3CC4 /* FeaturedBoxes.swift */,
				97259857246FCAE5003A3CC4 /* MapView.swift */,
				973603F6243EEE9500E2C9E5 /* OnboardingPage.swift */,
			);
			path = Model;
			sourceTree = "<group>";
		};
/* End PBXGroup section */

/* Begin PBXNativeTarget section */
		973603DB243EEE0F00E2C9E5 /* Onboarding */ = {
			isa = PBXNativeTarget;
			buildConfigurationList = 973603F3243EEE1100E2C9E5 /* Build configuration list for PBXNativeTarget "Onboarding" */;
			buildPhases = (
				973603D8243EEE0F00E2C9E5 /* Sources */,
				973603D9243EEE0F00E2C9E5 /* Frameworks */,
				973603DA243EEE0F00E2C9E5 /* Resources */,
			);
			buildRules = (
			);
			dependencies = (
			);
			name = Onboarding;
			productName = Onboarding;
			productReference = 973603DC243EEE0F00E2C9E5 /* Onboarding.app */;
			productType = "com.apple.product-type.application";
		};
/* End PBXNativeTarget section */

/* Begin PBXProject section */
		973603D4243EEE0F00E2C9E5 /* Project object */ = {
			isa = PBXProject;
			attributes = {
				LastSwiftUpdateCheck = 1140;
				LastUpgradeCheck = 1140;
				ORGANIZATIONNAME = "Make School";
				TargetAttributes = {
					973603DB243EEE0F00E2C9E5 = {
						CreatedOnToolsVersion = 11.4;
					};
				};
			};
			buildConfigurationList = 973603D7243EEE0F00E2C9E5 /* Build configuration list for PBXProject "Onboarding" */;
			compatibilityVersion = "Xcode 9.3";
			developmentRegion = en;
			hasScannedForEncodings = 0;
			knownRegions = (
				en,
				Base,
			);
			mainGroup = 973603D3243EEE0F00E2C9E5;
			productRefGroup = 973603DD243EEE0F00E2C9E5 /* Products */;
			projectDirPath = "";
			projectRoot = "";
			targets = (
				973603DB243EEE0F00E2C9E5 /* Onboarding */,
			);
		};
/* End PBXProject section */

/* Begin PBXResourcesBuildPhase section */
		973603DA243EEE0F00E2C9E5 /* Resources */ = {
			isa = PBXResourcesBuildPhase;
			buildActionMask = 2147483647;
			files = (
				973603FB243EF0DD00E2C9E5 /* img2.png in Resources */,
				972599CB246FFF25003A3CC4 /* TitleCell.xib in Resources */,
				973603F9243EF04200E2C9E5 /* Img1.png in Resources */,
				972599C8246FFEFA003A3CC4 /* FeaturedCell.xib in Resources */,
				973603EC243EEE1100E2C9E5 /* Assets.xcassets in Resources */,
				972599D0246FFF49003A3CC4 /* NewBoxesCell.xib in Resources */,
				972599C6246FFECB003A3CC4 /* FavoriteCell.xib in Resources */,
				973603E7243EEE0F00E2C9E5 /* Main.storyboard in Resources */,
			);
			runOnlyForDeploymentPostprocessing = 0;
		};
/* End PBXResourcesBuildPhase section */

/* Begin PBXSourcesBuildPhase section */
		973603D8243EEE0F00E2C9E5 /* Sources */ = {
			isa = PBXSourcesBuildPhase;
			buildActionMask = 2147483647;
			files = (
				973603E4243EEE0F00E2C9E5 /* ViewController.swift in Sources */,
				973603E0243EEE0F00E2C9E5 /* AppDelegate.swift in Sources */,
				973C9C142452182000199319 /* LoginVC.swift in Sources */,
				97259852246FC9F4003A3CC4 /* LayoutView.swift in Sources */,
				97259838246FBBAD003A3CC4 /* HistoryBoxes.swift in Sources */,
				97259834246FBB0B003A3CC4 /* HomeViewController.swift in Sources */,
				97259844246FC1AE003A3CC4 /* FavoriteCell.swift in Sources */,
				97259842246FC14C003A3CC4 /* TitleSection.swift in Sources */,
				973C9C2224521ADC00199319 /* TitleCell.swift in Sources */,
				97259832246FBAB9003A3CC4 /* TabBarController.swift in Sources */,
				97259850246FC98D003A3CC4 /* HistoryCell.swift in Sources */,
				973603EA243EEE0F00E2C9E5 /* Onboarding.xcdatamodeld in Sources */,
				97259848246FC382003A3CC4 /* BoxModel.swift in Sources */,
				972599C5246FFECB003A3CC4 /* FavoriteCell.swift in Sources */,
				97259854246FCA76003A3CC4 /* ContentVC.swift in Sources */,
				97259836246FBB6A003A3CC4 /* NewBoxes.swift in Sources */,
				97259858246FCAE5003A3CC4 /* MapView.swift in Sources */,
				97259830246FB78E003A3CC4 /* LoginText.swift in Sources */,
				9725983E246FC11B003A3CC4 /* Section.swift in Sources */,
				97259846246FC223003A3CC4 /* FeaturedBoxes.swift in Sources */,
				973603E2243EEE0F00E2C9E5 /* SceneDelegate.swift in Sources */,
				973603F7243EEE9500E2C9E5 /* OnboardingPage.swift in Sources */,
				9725984E246FC958003A3CC4 /* InsideView.swift in Sources */,
				973C9C2924521ADC00199319 /* NewBoxesCell.swift in Sources */,
				97259856246FCAAB003A3CC4 /* CircleImage.swift in Sources */,
				972599D2246FFF8C003A3CC4 /* FeaturedCell.swift in Sources */,
			);
			runOnlyForDeploymentPostprocessing = 0;
		};
/* End PBXSourcesBuildPhase section */

/* Begin PBXVariantGroup section */
		973603E5243EEE0F00E2C9E5 /* Main.storyboard */ = {
			isa = PBXVariantGroup;
			children = (
				973603E6243EEE0F00E2C9E5 /* Base */,
			);
			name = Main.storyboard;
			sourceTree = "<group>";
		};
/* End PBXVariantGroup section */

/* Begin XCBuildConfiguration section */
		973603F1243EEE1100E2C9E5 /* Debug */ = {
			isa = XCBuildConfiguration;
			buildSettings = {
				ALWAYS_SEARCH_USER_PATHS = NO;
				CLANG_ANALYZER_NONNULL = YES;
				CLANG_ANALYZER_NUMBER_OBJECT_CONVERSION = YES_AGGRESSIVE;
				CLANG_CXX_LANGUAGE_STANDARD = "gnu++14";
				CLANG_CXX_LIBRARY = "libc++";
				CLANG_ENABLE_MODULES = YES;
				CLANG_ENABLE_OBJC_ARC = YES;
				CLANG_ENABLE_OBJC_WEAK = YES;
				CLANG_WARN_BLOCK_CAPTURE_AUTORELEASING = YES;
				CLANG_WARN_BOOL_CONVERSION = YES;
				CLANG_WARN_COMMA = YES;
				CLANG_WARN_CONSTANT_CONVERSION = YES;
				CLANG_WARN_DEPRECATED_OBJC_IMPLEMENTATIONS = YES;
				CLANG_WARN_DIRECT_OBJC_ISA_USAGE = YES_ERROR;
				CLANG_WARN_DOCUMENTATION_COMMENTS = YES;
				CLANG_WARN_EMPTY_BODY = YES;
				CLANG_WARN_ENUM_CONVERSION = YES;
				CLANG_WARN_INFINITE_RECURSION = YES;
				CLANG_WARN_INT_CONVERSION = YES;
				CLANG_WARN_NON_LITERAL_NULL_CONVERSION = YES;
				CLANG_WARN_OBJC_IMPLICIT_RETAIN_SELF = YES;
				CLANG_WARN_OBJC_LITERAL_CONVERSION = YES;
				CLANG_WARN_OBJC_ROOT_CLASS = YES_ERROR;
				CLANG_WARN_RANGE_LOOP_ANALYSIS = YES;
				CLANG_WARN_STRICT_PROTOTYPES = YES;
				CLANG_WARN_SUSPICIOUS_MOVE = YES;
				CLANG_WARN_UNGUARDED_AVAILABILITY = YES_AGGRESSIVE;
				CLANG_WARN_UNREACHABLE_CODE = YES;
				CLANG_WARN__DUPLICATE_METHOD_MATCH = YES;
				COPY_PHASE_STRIP = NO;
				DEBUG_INFORMATION_FORMAT = dwarf;
				ENABLE_STRICT_OBJC_MSGSEND = YES;
				ENABLE_TESTABILITY = YES;
				GCC_C_LANGUAGE_STANDARD = gnu11;
				GCC_DYNAMIC_NO_PIC = NO;
				GCC_NO_COMMON_BLOCKS = YES;
				GCC_OPTIMIZATION_LEVEL = 0;
				GCC_PREPROCESSOR_DEFINITIONS = (
					"DEBUG=1",
					"$(inherited)",
				);
				GCC_WARN_64_TO_32_BIT_CONVERSION = YES;
				GCC_WARN_ABOUT_RETURN_TYPE = YES_ERROR;
				GCC_WARN_UNDECLARED_SELECTOR = YES;
				GCC_WARN_UNINITIALIZED_AUTOS = YES_AGGRESSIVE;
				GCC_WARN_UNUSED_FUNCTION = YES;
				GCC_WARN_UNUSED_VARIABLE = YES;
				IPHONEOS_DEPLOYMENT_TARGET = 13.4;
				MTL_ENABLE_DEBUG_INFO = INCLUDE_SOURCE;
				MTL_FAST_MATH = YES;
				ONLY_ACTIVE_ARCH = YES;
				SDKROOT = iphoneos;
				SWIFT_ACTIVE_COMPILATION_CONDITIONS = DEBUG;
				SWIFT_OPTIMIZATION_LEVEL = "-Onone";
			};
			name = Debug;
		};
		973603F2243EEE1100E2C9E5 /* Release */ = {
			isa = XCBuildConfiguration;
			buildSettings = {
				ALWAYS_SEARCH_USER_PATHS = NO;
				CLANG_ANALYZER_NONNULL = YES;
				CLANG_ANALYZER_NUMBER_OBJECT_CONVERSION = YES_AGGRESSIVE;
				CLANG_CXX_LANGUAGE_STANDARD = "gnu++14";
				CLANG_CXX_LIBRARY = "libc++";
				CLANG_ENABLE_MODULES = YES;
				CLANG_ENABLE_OBJC_ARC = YES;
				CLANG_ENABLE_OBJC_WEAK = YES;
				CLANG_WARN_BLOCK_CAPTURE_AUTORELEASING = YES;
				CLANG_WARN_BOOL_CONVERSION = YES;
				CLANG_WARN_COMMA = YES;
				CLANG_WARN_CONSTANT_CONVERSION = YES;
				CLANG_WARN_DEPRECATED_OBJC_IMPLEMENTATIONS = YES;
				CLANG_WARN_DIRECT_OBJC_ISA_USAGE = YES_ERROR;
				CLANG_WARN_DOCUMENTATION_COMMENTS = YES;
				CLANG_WARN_EMPTY_BODY = YES;
				CLANG_WARN_ENUM_CONVERSION = YES;
				CLANG_WARN_INFINITE_RECURSION = YES;
				CLANG_WARN_INT_CONVERSION = YES;
				CLANG_WARN_NON_LITERAL_NULL_CONVERSION = YES;
				CLANG_WARN_OBJC_IMPLICIT_RETAIN_SELF = YES;
				CLANG_WARN_OBJC_LITERAL_CONVERSION = YES;
				CLANG_WARN_OBJC_ROOT_CLASS = YES_ERROR;
				CLANG_WARN_RANGE_LOOP_ANALYSIS = YES;
				CLANG_WARN_STRICT_PROTOTYPES = YES;
				CLANG_WARN_SUSPICIOUS_MOVE = YES;
				CLANG_WARN_UNGUARDED_AVAILABILITY = YES_AGGRESSIVE;
				CLANG_WARN_UNREACHABLE_CODE = YES;
				CLANG_WARN__DUPLICATE_METHOD_MATCH = YES;
				COPY_PHASE_STRIP = NO;
				DEBUG_INFORMATION_FORMAT = "dwarf-with-dsym";
				ENABLE_NS_ASSERTIONS = NO;
				ENABLE_STRICT_OBJC_MSGSEND = YES;
				GCC_C_LANGUAGE_STANDARD = gnu11;
				GCC_NO_COMMON_BLOCKS = YES;
				GCC_WARN_64_TO_32_BIT_CONVERSION = YES;
				GCC_WARN_ABOUT_RETURN_TYPE = YES_ERROR;
				GCC_WARN_UNDECLARED_SELECTOR = YES;
				GCC_WARN_UNINITIALIZED_AUTOS = YES_AGGRESSIVE;
				GCC_WARN_UNUSED_FUNCTION = YES;
				GCC_WARN_UNUSED_VARIABLE = YES;
				IPHONEOS_DEPLOYMENT_TARGET = 13.4;
				MTL_ENABLE_DEBUG_INFO = NO;
				MTL_FAST_MATH = YES;
				SDKROOT = iphoneos;
				SWIFT_COMPILATION_MODE = wholemodule;
				SWIFT_OPTIMIZATION_LEVEL = "-O";
				VALIDATE_PRODUCT = YES;
			};
			name = Release;
		};
		973603F4243EEE1100E2C9E5 /* Debug */ = {
			isa = XCBuildConfiguration;
			buildSettings = {
				ASSETCATALOG_COMPILER_APPICON_NAME = AppIcon;
				CODE_SIGN_STYLE = Automatic;
				DEVELOPMENT_TEAM = H5B545XA3T;
				INFOPLIST_FILE = Onboarding/Info.plist;
				LD_RUNPATH_SEARCH_PATHS = (
					"$(inherited)",
					"@executable_path/Frameworks",
				);
				PRODUCT_BUNDLE_IDENTIFIER = com.makeschool.Onboarding;
				PRODUCT_NAME = "$(TARGET_NAME)";
				SWIFT_VERSION = 5.0;
				TARGETED_DEVICE_FAMILY = "1,2";
			};
			name = Debug;
		};
		973603F5243EEE1100E2C9E5 /* Release */ = {
			isa = XCBuildConfiguration;
			buildSettings = {
				ASSETCATALOG_COMPILER_APPICON_NAME = AppIcon;
				CODE_SIGN_STYLE = Automatic;
				DEVELOPMENT_TEAM = H5B545XA3T;
				INFOPLIST_FILE = Onboarding/Info.plist;
				LD_RUNPATH_SEARCH_PATHS = (
					"$(inherited)",
					"@executable_path/Frameworks",
				);
				PRODUCT_BUNDLE_IDENTIFIER = com.makeschool.Onboarding;
				PRODUCT_NAME = "$(TARGET_NAME)";
				SWIFT_VERSION = 5.0;
				TARGETED_DEVICE_FAMILY = "1,2";
			};
			name = Release;
		};
/* End XCBuildConfiguration section */

/* Begin XCConfigurationList section */
		973603D7243EEE0F00E2C9E5 /* Build configuration list for PBXProject "Onboarding" */ = {
			isa = XCConfigurationList;
			buildConfigurations = (
				973603F1243EEE1100E2C9E5 /* Debug */,
				973603F2243EEE1100E2C9E5 /* Release */,
			);
			defaultConfigurationIsVisible = 0;
			defaultConfigurationName = Release;
		};
		973603F3243EEE1100E2C9E5 /* Build configuration list for PBXNativeTarget "Onboarding" */ = {
			isa = XCConfigurationList;
			buildConfigurations = (
				973603F4243EEE1100E2C9E5 /* Debug */,
				973603F5243EEE1100E2C9E5 /* Release */,
			);
			defaultConfigurationIsVisible = 0;
			defaultConfigurationName = Release;
		};
/* End XCConfigurationList section */

/* Begin XCVersionGroup section */
		973603E8243EEE0F00E2C9E5 /* Onboarding.xcdatamodeld */ = {
			isa = XCVersionGroup;
			children = (
				973603E9243EEE0F00E2C9E5 /* Onboarding.xcdatamodel */,
			);
			currentVersion = 973603E9243EEE0F00E2C9E5 /* Onboarding.xcdatamodel */;
			path = Onboarding.xcdatamodeld;
			sourceTree = "<group>";
			versionGroupType = wrapper.xcdatamodel;
		};
/* End XCVersionGroup section */
	};
	rootObject = 973603D4243EEE0F00E2C9E5 /* Project object */;
}
